// !$*UTF8*$!
{
	archiveVersion = 1;
	classes = {
	};
	objectVersion = 56;
	objects = {

/* Begin PBXBuildFile section */
		C512C83E2AC04A8000B67195 /* AppDelegate.swift in Sources */ = {isa = PBXBuildFile; fileRef = C512C83D2AC04A8000B67195 /* AppDelegate.swift */; };
		C512C8402AC04A8000B67195 /* SceneDelegate.swift in Sources */ = {isa = PBXBuildFile; fileRef = C512C83F2AC04A8000B67195 /* SceneDelegate.swift */; };
		C512C8472AC04A8100B67195 /* Assets.xcassets in Resources */ = {isa = PBXBuildFile; fileRef = C512C8462AC04A8100B67195 /* Assets.xcassets */; };
		C512C84A2AC04A8100B67195 /* LaunchScreen.storyboard in Resources */ = {isa = PBXBuildFile; fileRef = C512C8482AC04A8100B67195 /* LaunchScreen.storyboard */; };
		C512C8522AC0723400B67195 /* TabBarController.swift in Sources */ = {isa = PBXBuildFile; fileRef = C512C8512AC0723400B67195 /* TabBarController.swift */; };
		C512C87A2AC073D200B67195 /* UiColorsExtension.swift in Sources */ = {isa = PBXBuildFile; fileRef = C512C8792AC073D200B67195 /* UiColorsExtension.swift */; };
		C517AF322BE82EFF0074F75D /* Filter.swift in Sources */ = {isa = PBXBuildFile; fileRef = C517AF312BE82EFF0074F75D /* Filter.swift */; };
		C517AF342BE830A10074F75D /* Filters.swift in Sources */ = {isa = PBXBuildFile; fileRef = C517AF332BE830A10074F75D /* Filters.swift */; };
		C517AF362BE833FB0074F75D /* Event.swift in Sources */ = {isa = PBXBuildFile; fileRef = C517AF352BE833FB0074F75D /* Event.swift */; };
		C517AF382BE834040074F75D /* Items.swift in Sources */ = {isa = PBXBuildFile; fileRef = C517AF372BE834040074F75D /* Items.swift */; };
		C517AF3A2BE835110074F75D /* ViewExtension.swift in Sources */ = {isa = PBXBuildFile; fileRef = C517AF392BE835110074F75D /* ViewExtension.swift */; };
		C517AF3E2BE8352A0074F75D /* TextFieldExtension.swift in Sources */ = {isa = PBXBuildFile; fileRef = C517AF3D2BE8352A0074F75D /* TextFieldExtension.swift */; };
		C517AF402BE8363B0074F75D /* AnalysticService.swift in Sources */ = {isa = PBXBuildFile; fileRef = C517AF3F2BE8363B0074F75D /* AnalysticService.swift */; };
		C517AF422BE83A5B0074F75D /* UiImageExtension.swift in Sources */ = {isa = PBXBuildFile; fileRef = C517AF412BE83A5B0074F75D /* UiImageExtension.swift */; };
		C531C0AE2BEAAE6F001668A9 /* TrackerYandexTests.swift in Sources */ = {isa = PBXBuildFile; fileRef = C531C0AD2BEAAE6F001668A9 /* TrackerYandexTests.swift */; };
		C531C0B52BEAAE92001668A9 /* Pods_TrackerYandexTests.framework in Frameworks */ = {isa = PBXBuildFile; fileRef = C531C0B42BEAAE92001668A9 /* Pods_TrackerYandexTests.framework */; };
		C531C0B62BEAAE92001668A9 /* Pods_TrackerYandexTests.framework in Embed Frameworks */ = {isa = PBXBuildFile; fileRef = C531C0B42BEAAE92001668A9 /* Pods_TrackerYandexTests.framework */; settings = {ATTRIBUTES = (CodeSignOnCopy, RemoveHeadersOnCopy, ); }; };
		C531C0BB2BEAAE9C001668A9 /* SnapshotTesting in Frameworks */ = {isa = PBXBuildFile; productRef = C531C0BA2BEAAE9C001668A9 /* SnapshotTesting */; };
		C537DE812BE9860B0049A1C1 /* Pods_TrackerYandex.framework in Frameworks */ = {isa = PBXBuildFile; fileRef = C537DE802BE9860B0049A1C1 /* Pods_TrackerYandex.framework */; };
		C5922E672BE90FD200ED0D9A /* Localizable.stringsdict in Resources */ = {isa = PBXBuildFile; fileRef = C5922E692BE90FD200ED0D9A /* Localizable.stringsdict */; };
		C5922E6E2BE90FFE00ED0D9A /* LocalizableString.strings in Resources */ = {isa = PBXBuildFile; fileRef = C5922E702BE90FFE00ED0D9A /* LocalizableString.strings */; };
		C5B2950D2ACC333E0038C642 /* Tracker.xcdatamodeld in Sources */ = {isa = PBXBuildFile; fileRef = C5B2950B2ACC333E0038C642 /* Tracker.xcdatamodeld */; };
		C5C289702BD9210F00FC875F /* TrackerCategoryStore.swift in Sources */ = {isa = PBXBuildFile; fileRef = C5C2896F2BD9210F00FC875F /* TrackerCategoryStore.swift */; };
		C5C289722BD9212C00FC875F /* TrackerRecordStore.swift in Sources */ = {isa = PBXBuildFile; fileRef = C5C289712BD9212C00FC875F /* TrackerRecordStore.swift */; };
		C5C289742BD9213C00FC875F /* TrackerStore.swift in Sources */ = {isa = PBXBuildFile; fileRef = C5C289732BD9213C00FC875F /* TrackerStore.swift */; };
		C5C289762BD9215B00FC875F /* DataProvider.swift in Sources */ = {isa = PBXBuildFile; fileRef = C5C289752BD9215B00FC875F /* DataProvider.swift */; };
		C5C289782BD9233C00FC875F /* TrackerSupView.swift in Sources */ = {isa = PBXBuildFile; fileRef = C5C289772BD9233C00FC875F /* TrackerSupView.swift */; };
		C5C2897A2BD9239900FC875F /* CreateTrackerVC.swift in Sources */ = {isa = PBXBuildFile; fileRef = C5C289792BD9239900FC875F /* CreateTrackerVC.swift */; };
		C5C2897C2BD9243000FC875F /* WeekDayCell.swift in Sources */ = {isa = PBXBuildFile; fileRef = C5C2897B2BD9243000FC875F /* WeekDayCell.swift */; };
		C5C2897E2BD9244B00FC875F /* RegularOrIrregularVC.swift in Sources */ = {isa = PBXBuildFile; fileRef = C5C2897D2BD9244B00FC875F /* RegularOrIrregularVC.swift */; };
		C5C289802BD9245D00FC875F /* CreateEventVC.swift in Sources */ = {isa = PBXBuildFile; fileRef = C5C2897F2BD9245D00FC875F /* CreateEventVC.swift */; };
		C5C289822BD9247000FC875F /* EmojiAndColorSupView.swift in Sources */ = {isa = PBXBuildFile; fileRef = C5C289812BD9247000FC875F /* EmojiAndColorSupView.swift */; };
		C5C289842BD924CC00FC875F /* WeekDay.swift in Sources */ = {isa = PBXBuildFile; fileRef = C5C289832BD924CC00FC875F /* WeekDay.swift */; };
		C5C289862BD924D900FC875F /* Tracker.swift in Sources */ = {isa = PBXBuildFile; fileRef = C5C289852BD924D900FC875F /* Tracker.swift */; };
		C5C289882BD924E100FC875F /* TrackerRecord.swift in Sources */ = {isa = PBXBuildFile; fileRef = C5C289872BD924E100FC875F /* TrackerRecord.swift */; };
		C5F431532B15FF7700A7A53E /* OnboardingViewController.swift in Sources */ = {isa = PBXBuildFile; fileRef = C5F431522B15FF7700A7A53E /* OnboardingViewController.swift */; };
		C5F4315A2B1604AD00A7A53E /* TrackerCategoryModel.swift in Sources */ = {isa = PBXBuildFile; fileRef = C5F431592B1604AD00A7A53E /* TrackerCategoryModel.swift */; };
		C5F431602B16051200A7A53E /* CategorisView.swift in Sources */ = {isa = PBXBuildFile; fileRef = C5F4315F2B16051200A7A53E /* CategorisView.swift */; };
		C5F431622B16053800A7A53E /* CategoryCollectionViewCell.swift in Sources */ = {isa = PBXBuildFile; fileRef = C5F431612B16053800A7A53E /* CategoryCollectionViewCell.swift */; };
		C5F431642B16054D00A7A53E /* CategorisViewModel.swift in Sources */ = {isa = PBXBuildFile; fileRef = C5F431632B16054D00A7A53E /* CategorisViewModel.swift */; };
		C5F431742B17DC0F00A7A53E /* StatisticViewController.swift in Sources */ = {isa = PBXBuildFile; fileRef = C5F431732B17DC0F00A7A53E /* StatisticViewController.swift */; };
		C5F431912B17DF4300A7A53E /* CreateCategoryVC.swift in Sources */ = {isa = PBXBuildFile; fileRef = C5F431902B17DF4300A7A53E /* CreateCategoryVC.swift */; };
		C5F431932B17DF5000A7A53E /* ScheduleVC.swift in Sources */ = {isa = PBXBuildFile; fileRef = C5F431922B17DF5000A7A53E /* ScheduleVC.swift */; };
		C5F431952B17DF5F00A7A53E /* EditCategoryVC.swift in Sources */ = {isa = PBXBuildFile; fileRef = C5F431942B17DF5F00A7A53E /* EditCategoryVC.swift */; };
		C5F431992B17DFA000A7A53E /* EmojiAndColorCollectionViewCell.swift in Sources */ = {isa = PBXBuildFile; fileRef = C5F431982B17DFA000A7A53E /* EmojiAndColorCollectionViewCell.swift */; };
		C5F4319B2B17DFB500A7A53E /* TrackerCollectionViewCell.swift in Sources */ = {isa = PBXBuildFile; fileRef = C5F4319A2B17DFB500A7A53E /* TrackerCollectionViewCell.swift */; };
		C5F431A22B17E2C200A7A53E /* DateExtension.swift in Sources */ = {isa = PBXBuildFile; fileRef = C5F431A12B17E2C200A7A53E /* DateExtension.swift */; };
		C5F431A42B17E2DC00A7A53E /* StringExtension.swift in Sources */ = {isa = PBXBuildFile; fileRef = C5F431A32B17E2DC00A7A53E /* StringExtension.swift */; };
		C5F431AC2B17E38500A7A53E /* UiFontExtension.swift in Sources */ = {isa = PBXBuildFile; fileRef = C5F431AB2B17E38500A7A53E /* UiFontExtension.swift */; };
/* End PBXBuildFile section */

/* Begin PBXContainerItemProxy section */
		C531C0AF2BEAAE6F001668A9 /* PBXContainerItemProxy */ = {
			isa = PBXContainerItemProxy;
			containerPortal = C512C8322AC04A8000B67195 /* Project object */;
			proxyType = 1;
			remoteGlobalIDString = C512C8392AC04A8000B67195;
			remoteInfo = TrackerYandex;
		};
/* End PBXContainerItemProxy section */

/* Begin PBXCopyFilesBuildPhase section */
		C531C0B72BEAAE92001668A9 /* Embed Frameworks */ = {
			isa = PBXCopyFilesBuildPhase;
			buildActionMask = 2147483647;
			dstPath = "";
			dstSubfolderSpec = 10;
			files = (
				C531C0B62BEAAE92001668A9 /* Pods_TrackerYandexTests.framework in Embed Frameworks */,
			);
			name = "Embed Frameworks";
			runOnlyForDeploymentPostprocessing = 0;
		};
/* End PBXCopyFilesBuildPhase section */

/* Begin PBXFileReference section */
		4B7A9BE4F9773C8436264CFD /* Pods-TrackerYandex.debug.xcconfig */ = {isa = PBXFileReference; includeInIndex = 1; lastKnownFileType = text.xcconfig; name = "Pods-TrackerYandex.debug.xcconfig"; path = "Target Support Files/Pods-TrackerYandex/Pods-TrackerYandex.debug.xcconfig"; sourceTree = "<group>"; };
		C512C83A2AC04A8000B67195 /* TrackerYandex.app */ = {isa = PBXFileReference; explicitFileType = wrapper.application; includeInIndex = 0; path = TrackerYandex.app; sourceTree = BUILT_PRODUCTS_DIR; };
		C512C83D2AC04A8000B67195 /* AppDelegate.swift */ = {isa = PBXFileReference; lastKnownFileType = sourcecode.swift; path = AppDelegate.swift; sourceTree = "<group>"; };
		C512C83F2AC04A8000B67195 /* SceneDelegate.swift */ = {isa = PBXFileReference; lastKnownFileType = sourcecode.swift; path = SceneDelegate.swift; sourceTree = "<group>"; };
		C512C8442AC04A8000B67195 /* Base */ = {isa = PBXFileReference; lastKnownFileType = file.storyboard; name = Base; path = Base.lproj/Main.storyboard; sourceTree = "<group>"; };
		C512C8462AC04A8100B67195 /* Assets.xcassets */ = {isa = PBXFileReference; lastKnownFileType = folder.assetcatalog; path = Assets.xcassets; sourceTree = "<group>"; };
		C512C8492AC04A8100B67195 /* Base */ = {isa = PBXFileReference; lastKnownFileType = file.storyboard; name = Base; path = Base.lproj/LaunchScreen.storyboard; sourceTree = "<group>"; };
		C512C84B2AC04A8100B67195 /* Info.plist */ = {isa = PBXFileReference; lastKnownFileType = text.plist.xml; path = Info.plist; sourceTree = "<group>"; };
		C512C8512AC0723400B67195 /* TabBarController.swift */ = {isa = PBXFileReference; lastKnownFileType = sourcecode.swift; path = TabBarController.swift; sourceTree = "<group>"; };
		C512C8792AC073D200B67195 /* UiColorsExtension.swift */ = {isa = PBXFileReference; lastKnownFileType = sourcecode.swift; path = UiColorsExtension.swift; sourceTree = "<group>"; };
		C517AF312BE82EFF0074F75D /* Filter.swift */ = {isa = PBXFileReference; lastKnownFileType = sourcecode.swift; path = Filter.swift; sourceTree = "<group>"; };
		C517AF332BE830A10074F75D /* Filters.swift */ = {isa = PBXFileReference; lastKnownFileType = sourcecode.swift; path = Filters.swift; sourceTree = "<group>"; };
		C517AF352BE833FB0074F75D /* Event.swift */ = {isa = PBXFileReference; lastKnownFileType = sourcecode.swift; path = Event.swift; sourceTree = "<group>"; };
		C517AF372BE834040074F75D /* Items.swift */ = {isa = PBXFileReference; lastKnownFileType = sourcecode.swift; path = Items.swift; sourceTree = "<group>"; };
		C517AF392BE835110074F75D /* ViewExtension.swift */ = {isa = PBXFileReference; lastKnownFileType = sourcecode.swift; path = ViewExtension.swift; sourceTree = "<group>"; };
		C517AF3D2BE8352A0074F75D /* TextFieldExtension.swift */ = {isa = PBXFileReference; lastKnownFileType = sourcecode.swift; path = TextFieldExtension.swift; sourceTree = "<group>"; };
		C517AF3F2BE8363B0074F75D /* AnalysticService.swift */ = {isa = PBXFileReference; lastKnownFileType = sourcecode.swift; path = AnalysticService.swift; sourceTree = "<group>"; };
		C517AF412BE83A5B0074F75D /* UiImageExtension.swift */ = {isa = PBXFileReference; lastKnownFileType = sourcecode.swift; path = UiImageExtension.swift; sourceTree = "<group>"; };
		C531C0AB2BEAAE6F001668A9 /* TrackerYandexTests.xctest */ = {isa = PBXFileReference; explicitFileType = wrapper.cfbundle; includeInIndex = 0; path = TrackerYandexTests.xctest; sourceTree = BUILT_PRODUCTS_DIR; };
		C531C0AD2BEAAE6F001668A9 /* TrackerYandexTests.swift */ = {isa = PBXFileReference; lastKnownFileType = sourcecode.swift; path = TrackerYandexTests.swift; sourceTree = "<group>"; };
		C531C0B42BEAAE92001668A9 /* Pods_TrackerYandexTests.framework */ = {isa = PBXFileReference; explicitFileType = wrapper.framework; path = Pods_TrackerYandexTests.framework; sourceTree = BUILT_PRODUCTS_DIR; };
		C537DE722BE96D6B0049A1C1 /* Pods_TrackerYandexTests.framework */ = {isa = PBXFileReference; explicitFileType = wrapper.framework; path = Pods_TrackerYandexTests.framework; sourceTree = BUILT_PRODUCTS_DIR; };
		C537DE762BE984E10049A1C1 /* Pods_TrackerYandexTests.framework */ = {isa = PBXFileReference; explicitFileType = wrapper.framework; path = Pods_TrackerYandexTests.framework; sourceTree = BUILT_PRODUCTS_DIR; };
		C537DE7E2BE985FF0049A1C1 /* Pods_TrackerYandexTests.framework */ = {isa = PBXFileReference; explicitFileType = wrapper.framework; path = Pods_TrackerYandexTests.framework; sourceTree = BUILT_PRODUCTS_DIR; };
		C537DE802BE9860B0049A1C1 /* Pods_TrackerYandex.framework */ = {isa = PBXFileReference; explicitFileType = wrapper.framework; path = Pods_TrackerYandex.framework; sourceTree = BUILT_PRODUCTS_DIR; };
		C537DE842BE9868A0049A1C1 /* Pods_TrackerYandexTests.framework */ = {isa = PBXFileReference; explicitFileType = wrapper.framework; path = Pods_TrackerYandexTests.framework; sourceTree = BUILT_PRODUCTS_DIR; };
		C537DE882BE988A80049A1C1 /* Pods_TrackerYandexTests.framework */ = {isa = PBXFileReference; explicitFileType = wrapper.framework; path = Pods_TrackerYandexTests.framework; sourceTree = BUILT_PRODUCTS_DIR; };
		C5922E682BE90FD200ED0D9A /* en */ = {isa = PBXFileReference; lastKnownFileType = text.plist.stringsdict; name = en; path = en.lproj/Localizable.stringsdict; sourceTree = "<group>"; };
		C5922E6F2BE90FFE00ED0D9A /* en */ = {isa = PBXFileReference; lastKnownFileType = text.plist.strings; name = en; path = en.lproj/LocalizableString.strings; sourceTree = "<group>"; };
		C5922E712BE9100D00ED0D9A /* ru */ = {isa = PBXFileReference; lastKnownFileType = text.plist.stringsdict; name = ru; path = ru.lproj/Localizable.stringsdict; sourceTree = "<group>"; };
		C5922E722BE9100D00ED0D9A /* ru */ = {isa = PBXFileReference; lastKnownFileType = text.plist.strings; name = ru; path = ru.lproj/LocalizableString.strings; sourceTree = "<group>"; };
		C5B2950C2ACC333E0038C642 /* CoreData.xcdatamodel */ = {isa = PBXFileReference; lastKnownFileType = wrapper.xcdatamodel; path = CoreData.xcdatamodel; sourceTree = "<group>"; };
		C5C2896F2BD9210F00FC875F /* TrackerCategoryStore.swift */ = {isa = PBXFileReference; lastKnownFileType = sourcecode.swift; path = TrackerCategoryStore.swift; sourceTree = "<group>"; };
		C5C289712BD9212C00FC875F /* TrackerRecordStore.swift */ = {isa = PBXFileReference; lastKnownFileType = sourcecode.swift; path = TrackerRecordStore.swift; sourceTree = "<group>"; };
		C5C289732BD9213C00FC875F /* TrackerStore.swift */ = {isa = PBXFileReference; lastKnownFileType = sourcecode.swift; path = TrackerStore.swift; sourceTree = "<group>"; };
		C5C289752BD9215B00FC875F /* DataProvider.swift */ = {isa = PBXFileReference; lastKnownFileType = sourcecode.swift; path = DataProvider.swift; sourceTree = "<group>"; };
		C5C289772BD9233C00FC875F /* TrackerSupView.swift */ = {isa = PBXFileReference; lastKnownFileType = sourcecode.swift; path = TrackerSupView.swift; sourceTree = "<group>"; };
		C5C289792BD9239900FC875F /* CreateTrackerVC.swift */ = {isa = PBXFileReference; lastKnownFileType = sourcecode.swift; path = CreateTrackerVC.swift; sourceTree = "<group>"; };
		C5C2897B2BD9243000FC875F /* WeekDayCell.swift */ = {isa = PBXFileReference; lastKnownFileType = sourcecode.swift; path = WeekDayCell.swift; sourceTree = "<group>"; };
		C5C2897D2BD9244B00FC875F /* RegularOrIrregularVC.swift */ = {isa = PBXFileReference; lastKnownFileType = sourcecode.swift; path = RegularOrIrregularVC.swift; sourceTree = "<group>"; };
		C5C2897F2BD9245D00FC875F /* CreateEventVC.swift */ = {isa = PBXFileReference; lastKnownFileType = sourcecode.swift; path = CreateEventVC.swift; sourceTree = "<group>"; };
		C5C289812BD9247000FC875F /* EmojiAndColorSupView.swift */ = {isa = PBXFileReference; lastKnownFileType = sourcecode.swift; path = EmojiAndColorSupView.swift; sourceTree = "<group>"; };
		C5C289832BD924CC00FC875F /* WeekDay.swift */ = {isa = PBXFileReference; lastKnownFileType = sourcecode.swift; path = WeekDay.swift; sourceTree = "<group>"; };
		C5C289852BD924D900FC875F /* Tracker.swift */ = {isa = PBXFileReference; lastKnownFileType = sourcecode.swift; path = Tracker.swift; sourceTree = "<group>"; };
		C5C289872BD924E100FC875F /* TrackerRecord.swift */ = {isa = PBXFileReference; lastKnownFileType = sourcecode.swift; path = TrackerRecord.swift; sourceTree = "<group>"; };
		C5F431522B15FF7700A7A53E /* OnboardingViewController.swift */ = {isa = PBXFileReference; lastKnownFileType = sourcecode.swift; path = OnboardingViewController.swift; sourceTree = "<group>"; };
		C5F431592B1604AD00A7A53E /* TrackerCategoryModel.swift */ = {isa = PBXFileReference; indentWidth = 3; lastKnownFileType = sourcecode.swift; path = TrackerCategoryModel.swift; sourceTree = "<group>"; tabWidth = 3; };
		C5F4315F2B16051200A7A53E /* CategorisView.swift */ = {isa = PBXFileReference; lastKnownFileType = sourcecode.swift; path = CategorisView.swift; sourceTree = "<group>"; };
		C5F431612B16053800A7A53E /* CategoryCollectionViewCell.swift */ = {isa = PBXFileReference; lastKnownFileType = sourcecode.swift; path = CategoryCollectionViewCell.swift; sourceTree = "<group>"; };
		C5F431632B16054D00A7A53E /* CategorisViewModel.swift */ = {isa = PBXFileReference; lastKnownFileType = sourcecode.swift; path = CategorisViewModel.swift; sourceTree = "<group>"; };
		C5F431732B17DC0F00A7A53E /* StatisticViewController.swift */ = {isa = PBXFileReference; lastKnownFileType = sourcecode.swift; path = StatisticViewController.swift; sourceTree = "<group>"; };
		C5F431902B17DF4300A7A53E /* CreateCategoryVC.swift */ = {isa = PBXFileReference; lastKnownFileType = sourcecode.swift; path = CreateCategoryVC.swift; sourceTree = "<group>"; };
		C5F431922B17DF5000A7A53E /* ScheduleVC.swift */ = {isa = PBXFileReference; lastKnownFileType = sourcecode.swift; path = ScheduleVC.swift; sourceTree = "<group>"; };
		C5F431942B17DF5F00A7A53E /* EditCategoryVC.swift */ = {isa = PBXFileReference; lastKnownFileType = sourcecode.swift; path = EditCategoryVC.swift; sourceTree = "<group>"; };
		C5F431982B17DFA000A7A53E /* EmojiAndColorCollectionViewCell.swift */ = {isa = PBXFileReference; lastKnownFileType = sourcecode.swift; path = EmojiAndColorCollectionViewCell.swift; sourceTree = "<group>"; };
		C5F4319A2B17DFB500A7A53E /* TrackerCollectionViewCell.swift */ = {isa = PBXFileReference; lastKnownFileType = sourcecode.swift; path = TrackerCollectionViewCell.swift; sourceTree = "<group>"; };
		C5F431A12B17E2C200A7A53E /* DateExtension.swift */ = {isa = PBXFileReference; lastKnownFileType = sourcecode.swift; path = DateExtension.swift; sourceTree = "<group>"; };
		C5F431A32B17E2DC00A7A53E /* StringExtension.swift */ = {isa = PBXFileReference; lastKnownFileType = sourcecode.swift; path = StringExtension.swift; sourceTree = "<group>"; };
		C5F431AB2B17E38500A7A53E /* UiFontExtension.swift */ = {isa = PBXFileReference; lastKnownFileType = sourcecode.swift; path = UiFontExtension.swift; sourceTree = "<group>"; };
		CA599C6C07C194AC2ADF66E5 /* Pods-TrackerYandexTests.debug.xcconfig */ = {isa = PBXFileReference; includeInIndex = 1; lastKnownFileType = text.xcconfig; name = "Pods-TrackerYandexTests.debug.xcconfig"; path = "Target Support Files/Pods-TrackerYandexTests/Pods-TrackerYandexTests.debug.xcconfig"; sourceTree = "<group>"; };
		CF044CD3624A9B3EAB756546 /* Pods-TrackerYandexTests.release.xcconfig */ = {isa = PBXFileReference; includeInIndex = 1; lastKnownFileType = text.xcconfig; name = "Pods-TrackerYandexTests.release.xcconfig"; path = "Target Support Files/Pods-TrackerYandexTests/Pods-TrackerYandexTests.release.xcconfig"; sourceTree = "<group>"; };
		D825DA31EDE46EBC51C54234 /* Pods_TrackerYandex.framework */ = {isa = PBXFileReference; explicitFileType = wrapper.framework; includeInIndex = 0; path = Pods_TrackerYandex.framework; sourceTree = BUILT_PRODUCTS_DIR; };
		DAA064BB9E4C242D2B9C0AA4 /* Pods-TrackerYandex.release.xcconfig */ = {isa = PBXFileReference; includeInIndex = 1; lastKnownFileType = text.xcconfig; name = "Pods-TrackerYandex.release.xcconfig"; path = "Target Support Files/Pods-TrackerYandex/Pods-TrackerYandex.release.xcconfig"; sourceTree = "<group>"; };
/* End PBXFileReference section */

/* Begin PBXFrameworksBuildPhase section */
		C512C8372AC04A8000B67195 /* Frameworks */ = {
			isa = PBXFrameworksBuildPhase;
			buildActionMask = 2147483647;
			files = (
				C537DE812BE9860B0049A1C1 /* Pods_TrackerYandex.framework in Frameworks */,
			);
			runOnlyForDeploymentPostprocessing = 0;
		};
		C531C0A82BEAAE6F001668A9 /* Frameworks */ = {
			isa = PBXFrameworksBuildPhase;
			buildActionMask = 2147483647;
			files = (
				C531C0B52BEAAE92001668A9 /* Pods_TrackerYandexTests.framework in Frameworks */,
				C531C0BB2BEAAE9C001668A9 /* SnapshotTesting in Frameworks */,
			);
			runOnlyForDeploymentPostprocessing = 0;
		};
/* End PBXFrameworksBuildPhase section */

/* Begin PBXGroup section */
		61080B9A4193BAFABFD0146F /* Frameworks */ = {
			isa = PBXGroup;
			children = (
				C531C0B42BEAAE92001668A9 /* Pods_TrackerYandexTests.framework */,
				C537DE882BE988A80049A1C1 /* Pods_TrackerYandexTests.framework */,
				C537DE842BE9868A0049A1C1 /* Pods_TrackerYandexTests.framework */,
				C537DE802BE9860B0049A1C1 /* Pods_TrackerYandex.framework */,
				C537DE7E2BE985FF0049A1C1 /* Pods_TrackerYandexTests.framework */,
				C537DE762BE984E10049A1C1 /* Pods_TrackerYandexTests.framework */,
				C537DE722BE96D6B0049A1C1 /* Pods_TrackerYandexTests.framework */,
				D825DA31EDE46EBC51C54234 /* Pods_TrackerYandex.framework */,
			);
			name = Frameworks;
			sourceTree = "<group>";
		};
		A2228F71EB145BC188AD2FC3 /* Pods */ = {
			isa = PBXGroup;
			children = (
				4B7A9BE4F9773C8436264CFD /* Pods-TrackerYandex.debug.xcconfig */,
				DAA064BB9E4C242D2B9C0AA4 /* Pods-TrackerYandex.release.xcconfig */,
				CA599C6C07C194AC2ADF66E5 /* Pods-TrackerYandexTests.debug.xcconfig */,
				CF044CD3624A9B3EAB756546 /* Pods-TrackerYandexTests.release.xcconfig */,
			);
			path = Pods;
			sourceTree = "<group>";
		};
		C512C8312AC04A8000B67195 = {
			isa = PBXGroup;
			children = (
				C519CCD42BE965E5000D19D1 /* TrackerYandex */,
				C531C0AC2BEAAE6F001668A9 /* TrackerYandexTests */,
				C512C83B2AC04A8000B67195 /* Products */,
				A2228F71EB145BC188AD2FC3 /* Pods */,
				61080B9A4193BAFABFD0146F /* Frameworks */,
			);
			sourceTree = "<group>";
		};
		C512C83B2AC04A8000B67195 /* Products */ = {
			isa = PBXGroup;
			children = (
				C512C83A2AC04A8000B67195 /* TrackerYandex.app */,
				C531C0AB2BEAAE6F001668A9 /* TrackerYandexTests.xctest */,
			);
			name = Products;
			sourceTree = "<group>";
		};
		C512C83C2AC04A8000B67195 /* Application */ = {
			isa = PBXGroup;
			children = (
				C512C8482AC04A8100B67195 /* LaunchScreen.storyboard */,
				C512C84B2AC04A8100B67195 /* Info.plist */,
				C512C8432AC04A8000B67195 /* Main.storyboard */,
				C512C8462AC04A8100B67195 /* Assets.xcassets */,
			);
			path = Application;
			sourceTree = "<group>";
		};
		C512C8762AC073A000B67195 /* HelpersExtension */ = {
			isa = PBXGroup;
			children = (
				C5F4319E2B17E29900A7A53E /* Struct */,
				C5F431A32B17E2DC00A7A53E /* StringExtension.swift */,
				C5F431A12B17E2C200A7A53E /* DateExtension.swift */,
				C5F431AB2B17E38500A7A53E /* UiFontExtension.swift */,
				C517AF3D2BE8352A0074F75D /* TextFieldExtension.swift */,
				C517AF392BE835110074F75D /* ViewExtension.swift */,
				C517AF412BE83A5B0074F75D /* UiImageExtension.swift */,
				C512C8792AC073D200B67195 /* UiColorsExtension.swift */,
				C5C289832BD924CC00FC875F /* WeekDay.swift */,
				C517AF332BE830A10074F75D /* Filters.swift */,
				C517AF352BE833FB0074F75D /* Event.swift */,
				C517AF372BE834040074F75D /* Items.swift */,
			);
			path = HelpersExtension;
			sourceTree = "<group>";
		};
		C519CCD42BE965E5000D19D1 /* TrackerYandex */ = {
			isa = PBXGroup;
			children = (
				C512C83F2AC04A8000B67195 /* SceneDelegate.swift */,
				C517AF3F2BE8363B0074F75D /* AnalysticService.swift */,
				C512C83D2AC04A8000B67195 /* AppDelegate.swift */,
				C5F4314D2B1409D200A7A53E /* Onboarding */,
				C5F4314A2B0D439F00A7A53E /* Main */,
				C5CA4CAB2ACC64E800FC901A /* CoreData */,
				C5922E732BE9101A00ED0D9A /* Localize */,
				C512C83C2AC04A8000B67195 /* Application */,
			);
			path = TrackerYandex;
			sourceTree = "<group>";
		};
		C531C0AC2BEAAE6F001668A9 /* TrackerYandexTests */ = {
			isa = PBXGroup;
			children = (
				C531C0AD2BEAAE6F001668A9 /* TrackerYandexTests.swift */,
			);
			path = TrackerYandexTests;
			sourceTree = "<group>";
		};
		C5922E732BE9101A00ED0D9A /* Localize */ = {
			isa = PBXGroup;
			children = (
				C5922E692BE90FD200ED0D9A /* Localizable.stringsdict */,
				C5922E702BE90FFE00ED0D9A /* LocalizableString.strings */,
			);
			path = Localize;
			sourceTree = "<group>";
		};
		C5C2896E2BD920FD00FC875F /* Domain */ = {
			isa = PBXGroup;
			children = (
				C5C2896F2BD9210F00FC875F /* TrackerCategoryStore.swift */,
				C5C289712BD9212C00FC875F /* TrackerRecordStore.swift */,
				C5C289732BD9213C00FC875F /* TrackerStore.swift */,
				C5C289752BD9215B00FC875F /* DataProvider.swift */,
			);
			path = Domain;
			sourceTree = "<group>";
		};
		C5CA4CAB2ACC64E800FC901A /* CoreData */ = {
			isa = PBXGroup;
			children = (
				C5B2950B2ACC333E0038C642 /* Tracker.xcdatamodeld */,
				C5C2896E2BD920FD00FC875F /* Domain */,
			);
			path = CoreData;
			sourceTree = "<group>";
		};
		C5F4314A2B0D439F00A7A53E /* Main */ = {
			isa = PBXGroup;
			children = (
				C5F4314B2B0E9C5600A7A53E /* TabBar */,
				C5F431752B17DCF100A7A53E /* Trackers */,
				C512C8762AC073A000B67195 /* HelpersExtension */,
			);
			path = Main;
			sourceTree = "<group>";
		};
		C5F4314B2B0E9C5600A7A53E /* TabBar */ = {
			isa = PBXGroup;
			children = (
				C512C8512AC0723400B67195 /* TabBarController.swift */,
				C5F431722B17DC0300A7A53E /* Statistic */,
			);
			path = TabBar;
			sourceTree = "<group>";
		};
		C5F4314C2B1409C900A7A53E /* Categoris */ = {
			isa = PBXGroup;
			children = (
				C5F431582B1604A300A7A53E /* Model */,
				C5F4315B2B1604C500A7A53E /* View */,
				C5F4315C2B1604CF00A7A53E /* ViewModel */,
			);
			path = Categoris;
			sourceTree = "<group>";
		};
		C5F4314D2B1409D200A7A53E /* Onboarding */ = {
			isa = PBXGroup;
			children = (
				C5F431522B15FF7700A7A53E /* OnboardingViewController.swift */,
			);
			path = Onboarding;
			sourceTree = "<group>";
		};
		C5F431582B1604A300A7A53E /* Model */ = {
			isa = PBXGroup;
			children = (
				C5F431592B1604AD00A7A53E /* TrackerCategoryModel.swift */,
			);
			path = Model;
			sourceTree = "<group>";
		};
		C5F4315B2B1604C500A7A53E /* View */ = {
			isa = PBXGroup;
			children = (
				C5F4315F2B16051200A7A53E /* CategorisView.swift */,
				C5F431612B16053800A7A53E /* CategoryCollectionViewCell.swift */,
			);
			path = View;
			sourceTree = "<group>";
		};
		C5F4315C2B1604CF00A7A53E /* ViewModel */ = {
			isa = PBXGroup;
			children = (
				C5F431632B16054D00A7A53E /* CategorisViewModel.swift */,
			);
			path = ViewModel;
			sourceTree = "<group>";
		};
		C5F431722B17DC0300A7A53E /* Statistic */ = {
			isa = PBXGroup;
			children = (
				C5F431732B17DC0F00A7A53E /* StatisticViewController.swift */,
			);
			path = Statistic;
			sourceTree = "<group>";
		};
		C5F431752B17DCF100A7A53E /* Trackers */ = {
			isa = PBXGroup;
			children = (
				C5F4314C2B1409C900A7A53E /* Categoris */,
				C5F431862B17DEB800A7A53E /* View */,
				C5F431772B17DD0500A7A53E /* CreatTracker */,
			);
			path = Trackers;
			sourceTree = "<group>";
		};
		C5F431772B17DD0500A7A53E /* CreatTracker */ = {
			isa = PBXGroup;
			children = (
				C517AF312BE82EFF0074F75D /* Filter.swift */,
				C5C289792BD9239900FC875F /* CreateTrackerVC.swift */,
				C5F431872B17DEC000A7A53E /* Controller */,
				C5F431882B17DEC600A7A53E /* CollectionViewCell */,
			);
			path = CreatTracker;
			sourceTree = "<group>";
		};
		C5F431862B17DEB800A7A53E /* View */ = {
			isa = PBXGroup;
			children = (
				C5C289772BD9233C00FC875F /* TrackerSupView.swift */,
				C5C289812BD9247000FC875F /* EmojiAndColorSupView.swift */,
			);
			path = View;
			sourceTree = "<group>";
		};
		C5F431872B17DEC000A7A53E /* Controller */ = {
			isa = PBXGroup;
			children = (
				C5F431902B17DF4300A7A53E /* CreateCategoryVC.swift */,
				C5F431922B17DF5000A7A53E /* ScheduleVC.swift */,
				C5F431942B17DF5F00A7A53E /* EditCategoryVC.swift */,
				C5C2897D2BD9244B00FC875F /* RegularOrIrregularVC.swift */,
				C5C2897F2BD9245D00FC875F /* CreateEventVC.swift */,
			);
			path = Controller;
			sourceTree = "<group>";
		};
		C5F431882B17DEC600A7A53E /* CollectionViewCell */ = {
			isa = PBXGroup;
			children = (
				C5C2897B2BD9243000FC875F /* WeekDayCell.swift */,
				C5F431982B17DFA000A7A53E /* EmojiAndColorCollectionViewCell.swift */,
				C5F4319A2B17DFB500A7A53E /* TrackerCollectionViewCell.swift */,
			);
			path = CollectionViewCell;
			sourceTree = "<group>";
		};
		C5F4319E2B17E29900A7A53E /* Struct */ = {
			isa = PBXGroup;
			children = (
				C5C289852BD924D900FC875F /* Tracker.swift */,
				C5C289872BD924E100FC875F /* TrackerRecord.swift */,
			);
			path = Struct;
			sourceTree = "<group>";
		};
/* End PBXGroup section */

/* Begin PBXNativeTarget section */
		C512C8392AC04A8000B67195 /* TrackerYandex */ = {
			isa = PBXNativeTarget;
			buildConfigurationList = C512C84E2AC04A8100B67195 /* Build configuration list for PBXNativeTarget "TrackerYandex" */;
			buildPhases = (
				557708D90DC55CED6BEA2E25 /* [CP] Check Pods Manifest.lock */,
				C512C8362AC04A8000B67195 /* Sources */,
				C512C8372AC04A8000B67195 /* Frameworks */,
				C512C8382AC04A8000B67195 /* Resources */,
				8A15EEA810D6068075C85A24 /* [CP] Embed Pods Frameworks */,
			);
			buildRules = (
			);
			dependencies = (
			);
			name = TrackerYandex;
			productName = TrackerYandex;
			productReference = C512C83A2AC04A8000B67195 /* TrackerYandex.app */;
			productType = "com.apple.product-type.application";
		};
		C531C0AA2BEAAE6F001668A9 /* TrackerYandexTests */ = {
			isa = PBXNativeTarget;
			buildConfigurationList = C531C0B12BEAAE6F001668A9 /* Build configuration list for PBXNativeTarget "TrackerYandexTests" */;
			buildPhases = (
				622701DDE0492BCDC7300E28 /* [CP] Check Pods Manifest.lock */,
				C531C0A72BEAAE6F001668A9 /* Sources */,
				C531C0A82BEAAE6F001668A9 /* Frameworks */,
				C531C0A92BEAAE6F001668A9 /* Resources */,
				C531C0B72BEAAE92001668A9 /* Embed Frameworks */,
			);
			buildRules = (
			);
			dependencies = (
				C531C0B02BEAAE6F001668A9 /* PBXTargetDependency */,
			);
			name = TrackerYandexTests;
			packageProductDependencies = (
				C531C0BA2BEAAE9C001668A9 /* SnapshotTesting */,
			);
			productName = TrackerYandexTests;
			productReference = C531C0AB2BEAAE6F001668A9 /* TrackerYandexTests.xctest */;
			productType = "com.apple.product-type.bundle.unit-test";
		};
/* End PBXNativeTarget section */

/* Begin PBXProject section */
		C512C8322AC04A8000B67195 /* Project object */ = {
			isa = PBXProject;
			attributes = {
				BuildIndependentTargetsInParallel = 1;
				LastSwiftUpdateCheck = 1520;
				LastUpgradeCheck = 1430;
				TargetAttributes = {
					C512C8392AC04A8000B67195 = {
						CreatedOnToolsVersion = 14.3.1;
					};
					C531C0AA2BEAAE6F001668A9 = {
						CreatedOnToolsVersion = 15.2;
						TestTargetID = C512C8392AC04A8000B67195;
					};
				};
			};
			buildConfigurationList = C512C8352AC04A8000B67195 /* Build configuration list for PBXProject "TrackerYandex" */;
			compatibilityVersion = "Xcode 14.0";
			developmentRegion = en;
			hasScannedForEncodings = 0;
			knownRegions = (
				en,
				Base,
				ru,
			);
			mainGroup = C512C8312AC04A8000B67195;
			packageReferences = (
				C519CCD52BE967C2000D19D1 /* XCRemoteSwiftPackageReference "swift-snapshot-testing" */,
			);
			productRefGroup = C512C83B2AC04A8000B67195 /* Products */;
			projectDirPath = "";
			projectRoot = "";
			targets = (
				C512C8392AC04A8000B67195 /* TrackerYandex */,
				C531C0AA2BEAAE6F001668A9 /* TrackerYandexTests */,
			);
		};
/* End PBXProject section */

/* Begin PBXResourcesBuildPhase section */
		C512C8382AC04A8000B67195 /* Resources */ = {
			isa = PBXResourcesBuildPhase;
			buildActionMask = 2147483647;
			files = (
				C512C84A2AC04A8100B67195 /* LaunchScreen.storyboard in Resources */,
				C5922E672BE90FD200ED0D9A /* Localizable.stringsdict in Resources */,
				C512C8472AC04A8100B67195 /* Assets.xcassets in Resources */,
				C5922E6E2BE90FFE00ED0D9A /* LocalizableString.strings in Resources */,
			);
			runOnlyForDeploymentPostprocessing = 0;
		};
		C531C0A92BEAAE6F001668A9 /* Resources */ = {
			isa = PBXResourcesBuildPhase;
			buildActionMask = 2147483647;
			files = (
			);
			runOnlyForDeploymentPostprocessing = 0;
		};
/* End PBXResourcesBuildPhase section */

/* Begin PBXShellScriptBuildPhase section */
		557708D90DC55CED6BEA2E25 /* [CP] Check Pods Manifest.lock */ = {
			isa = PBXShellScriptBuildPhase;
			buildActionMask = 2147483647;
			files = (
			);
			inputFileListPaths = (
			);
			inputPaths = (
				"${PODS_PODFILE_DIR_PATH}/Podfile.lock",
				"${PODS_ROOT}/Manifest.lock",
			);
			name = "[CP] Check Pods Manifest.lock";
			outputFileListPaths = (
			);
			outputPaths = (
				"$(DERIVED_FILE_DIR)/Pods-TrackerYandex-checkManifestLockResult.txt",
			);
			runOnlyForDeploymentPostprocessing = 0;
			shellPath = /bin/sh;
			shellScript = "diff \"${PODS_PODFILE_DIR_PATH}/Podfile.lock\" \"${PODS_ROOT}/Manifest.lock\" > /dev/null\nif [ $? != 0 ] ; then\n    # print error to STDERR\n    echo \"error: The sandbox is not in sync with the Podfile.lock. Run 'pod install' or update your CocoaPods installation.\" >&2\n    exit 1\nfi\n# This output is used by Xcode 'outputs' to avoid re-running this script phase.\necho \"SUCCESS\" > \"${SCRIPT_OUTPUT_FILE_0}\"\n";
			showEnvVarsInLog = 0;
		};
		622701DDE0492BCDC7300E28 /* [CP] Check Pods Manifest.lock */ = {
			isa = PBXShellScriptBuildPhase;
			buildActionMask = 2147483647;
			files = (
			);
			inputFileListPaths = (
			);
			inputPaths = (
				"${PODS_PODFILE_DIR_PATH}/Podfile.lock",
				"${PODS_ROOT}/Manifest.lock",
			);
			name = "[CP] Check Pods Manifest.lock";
			outputFileListPaths = (
			);
			outputPaths = (
				"$(DERIVED_FILE_DIR)/Pods-TrackerYandexTests-checkManifestLockResult.txt",
			);
			runOnlyForDeploymentPostprocessing = 0;
			shellPath = /bin/sh;
			shellScript = "diff \"${PODS_PODFILE_DIR_PATH}/Podfile.lock\" \"${PODS_ROOT}/Manifest.lock\" > /dev/null\nif [ $? != 0 ] ; then\n    # print error to STDERR\n    echo \"error: The sandbox is not in sync with the Podfile.lock. Run 'pod install' or update your CocoaPods installation.\" >&2\n    exit 1\nfi\n# This output is used by Xcode 'outputs' to avoid re-running this script phase.\necho \"SUCCESS\" > \"${SCRIPT_OUTPUT_FILE_0}\"\n";
			showEnvVarsInLog = 0;
		};
		8A15EEA810D6068075C85A24 /* [CP] Embed Pods Frameworks */ = {
			isa = PBXShellScriptBuildPhase;
			buildActionMask = 2147483647;
			files = (
			);
			inputFileListPaths = (
				"${PODS_ROOT}/Target Support Files/Pods-TrackerYandex/Pods-TrackerYandex-frameworks-${CONFIGURATION}-input-files.xcfilelist",
			);
			name = "[CP] Embed Pods Frameworks";
			outputFileListPaths = (
				"${PODS_ROOT}/Target Support Files/Pods-TrackerYandex/Pods-TrackerYandex-frameworks-${CONFIGURATION}-output-files.xcfilelist",
			);
			runOnlyForDeploymentPostprocessing = 0;
			shellPath = /bin/sh;
			shellScript = "\"${PODS_ROOT}/Target Support Files/Pods-TrackerYandex/Pods-TrackerYandex-frameworks.sh\"\n";
			showEnvVarsInLog = 0;
		};
/* End PBXShellScriptBuildPhase section */

/* Begin PBXSourcesBuildPhase section */
		C512C8362AC04A8000B67195 /* Sources */ = {
			isa = PBXSourcesBuildPhase;
			buildActionMask = 2147483647;
			files = (
				C5F431952B17DF5F00A7A53E /* EditCategoryVC.swift in Sources */,
				C5C289862BD924D900FC875F /* Tracker.swift in Sources */,
				C5C289742BD9213C00FC875F /* TrackerStore.swift in Sources */,
				C5B2950D2ACC333E0038C642 /* Tracker.xcdatamodeld in Sources */,
				C512C8522AC0723400B67195 /* TabBarController.swift in Sources */,
				C512C83E2AC04A8000B67195 /* AppDelegate.swift in Sources */,
				C5F431A42B17E2DC00A7A53E /* StringExtension.swift in Sources */,
				C5F431602B16051200A7A53E /* CategorisView.swift in Sources */,
				C5F431A22B17E2C200A7A53E /* DateExtension.swift in Sources */,
				C512C8402AC04A8000B67195 /* SceneDelegate.swift in Sources */,
				C5F431932B17DF5000A7A53E /* ScheduleVC.swift in Sources */,
				C512C87A2AC073D200B67195 /* UiColorsExtension.swift in Sources */,
				C5C289842BD924CC00FC875F /* WeekDay.swift in Sources */,
				C5F431622B16053800A7A53E /* CategoryCollectionViewCell.swift in Sources */,
				C5C289822BD9247000FC875F /* EmojiAndColorSupView.swift in Sources */,
				C5F4315A2B1604AD00A7A53E /* TrackerCategoryModel.swift in Sources */,
				C5C289782BD9233C00FC875F /* TrackerSupView.swift in Sources */,
				C5C2897A2BD9239900FC875F /* CreateTrackerVC.swift in Sources */,
				C5C289802BD9245D00FC875F /* CreateEventVC.swift in Sources */,
				C5F431742B17DC0F00A7A53E /* StatisticViewController.swift in Sources */,
				C517AF342BE830A10074F75D /* Filters.swift in Sources */,
				C5F431992B17DFA000A7A53E /* EmojiAndColorCollectionViewCell.swift in Sources */,
				C5C289702BD9210F00FC875F /* TrackerCategoryStore.swift in Sources */,
				C5C289882BD924E100FC875F /* TrackerRecord.swift in Sources */,
				C517AF422BE83A5B0074F75D /* UiImageExtension.swift in Sources */,
				C5F431AC2B17E38500A7A53E /* UiFontExtension.swift in Sources */,
				C517AF402BE8363B0074F75D /* AnalysticService.swift in Sources */,
				C5F431912B17DF4300A7A53E /* CreateCategoryVC.swift in Sources */,
				C5C2897E2BD9244B00FC875F /* RegularOrIrregularVC.swift in Sources */,
				C517AF362BE833FB0074F75D /* Event.swift in Sources */,
				C5C2897C2BD9243000FC875F /* WeekDayCell.swift in Sources */,
				C5F4319B2B17DFB500A7A53E /* TrackerCollectionViewCell.swift in Sources */,
				C5F431642B16054D00A7A53E /* CategorisViewModel.swift in Sources */,
				C517AF3E2BE8352A0074F75D /* TextFieldExtension.swift in Sources */,
				C517AF382BE834040074F75D /* Items.swift in Sources */,
				C5C289762BD9215B00FC875F /* DataProvider.swift in Sources */,
				C517AF3A2BE835110074F75D /* ViewExtension.swift in Sources */,
				C5F431532B15FF7700A7A53E /* OnboardingViewController.swift in Sources */,
				C5C289722BD9212C00FC875F /* TrackerRecordStore.swift in Sources */,
				C517AF322BE82EFF0074F75D /* Filter.swift in Sources */,
			);
			runOnlyForDeploymentPostprocessing = 0;
		};
		C531C0A72BEAAE6F001668A9 /* Sources */ = {
			isa = PBXSourcesBuildPhase;
			buildActionMask = 2147483647;
			files = (
				C531C0AE2BEAAE6F001668A9 /* TrackerYandexTests.swift in Sources */,
			);
			runOnlyForDeploymentPostprocessing = 0;
		};
/* End PBXSourcesBuildPhase section */

/* Begin PBXTargetDependency section */
		C531C0B02BEAAE6F001668A9 /* PBXTargetDependency */ = {
			isa = PBXTargetDependency;
			target = C512C8392AC04A8000B67195 /* TrackerYandex */;
			targetProxy = C531C0AF2BEAAE6F001668A9 /* PBXContainerItemProxy */;
		};
/* End PBXTargetDependency section */

/* Begin PBXVariantGroup section */
		C512C8432AC04A8000B67195 /* Main.storyboard */ = {
			isa = PBXVariantGroup;
			children = (
				C512C8442AC04A8000B67195 /* Base */,
			);
			name = Main.storyboard;
			sourceTree = "<group>";
		};
		C512C8482AC04A8100B67195 /* LaunchScreen.storyboard */ = {
			isa = PBXVariantGroup;
			children = (
				C512C8492AC04A8100B67195 /* Base */,
			);
			name = LaunchScreen.storyboard;
			sourceTree = "<group>";
		};
		C5922E692BE90FD200ED0D9A /* Localizable.stringsdict */ = {
			isa = PBXVariantGroup;
			children = (
				C5922E682BE90FD200ED0D9A /* en */,
				C5922E712BE9100D00ED0D9A /* ru */,
			);
			name = Localizable.stringsdict;
			sourceTree = "<group>";
		};
		C5922E702BE90FFE00ED0D9A /* LocalizableString.strings */ = {
			isa = PBXVariantGroup;
			children = (
				C5922E6F2BE90FFE00ED0D9A /* en */,
				C5922E722BE9100D00ED0D9A /* ru */,
			);
			name = LocalizableString.strings;
			sourceTree = "<group>";
		};
/* End PBXVariantGroup section */

/* Begin XCBuildConfiguration section */
		C512C84C2AC04A8100B67195 /* Debug */ = {
			isa = XCBuildConfiguration;
			buildSettings = {
				ALWAYS_SEARCH_USER_PATHS = NO;
				CLANG_ANALYZER_LOCALIZABILITY_NONLOCALIZED = YES;
				CLANG_ANALYZER_NONNULL = YES;
				CLANG_ANALYZER_NUMBER_OBJECT_CONVERSION = YES_AGGRESSIVE;
				CLANG_CXX_LANGUAGE_STANDARD = "gnu++20";
				CLANG_ENABLE_MODULES = YES;
				CLANG_ENABLE_OBJC_ARC = YES;
				CLANG_ENABLE_OBJC_WEAK = YES;
				CLANG_WARN_BLOCK_CAPTURE_AUTORELEASING = YES;
				CLANG_WARN_BOOL_CONVERSION = YES;
				CLANG_WARN_COMMA = YES;
				CLANG_WARN_CONSTANT_CONVERSION = YES;
				CLANG_WARN_DEPRECATED_OBJC_IMPLEMENTATIONS = YES;
				CLANG_WARN_DIRECT_OBJC_ISA_USAGE = YES_ERROR;
				CLANG_WARN_DOCUMENTATION_COMMENTS = YES;
				CLANG_WARN_EMPTY_BODY = YES;
				CLANG_WARN_ENUM_CONVERSION = YES;
				CLANG_WARN_INFINITE_RECURSION = YES;
				CLANG_WARN_INT_CONVERSION = YES;
				CLANG_WARN_NON_LITERAL_NULL_CONVERSION = YES;
				CLANG_WARN_OBJC_IMPLICIT_RETAIN_SELF = YES;
				CLANG_WARN_OBJC_LITERAL_CONVERSION = YES;
				CLANG_WARN_OBJC_ROOT_CLASS = YES_ERROR;
				CLANG_WARN_QUOTED_INCLUDE_IN_FRAMEWORK_HEADER = YES;
				CLANG_WARN_RANGE_LOOP_ANALYSIS = YES;
				CLANG_WARN_STRICT_PROTOTYPES = YES;
				CLANG_WARN_SUSPICIOUS_MOVE = YES;
				CLANG_WARN_UNGUARDED_AVAILABILITY = YES_AGGRESSIVE;
				CLANG_WARN_UNREACHABLE_CODE = YES;
				CLANG_WARN__DUPLICATE_METHOD_MATCH = YES;
				COPY_PHASE_STRIP = NO;
				DEBUG_INFORMATION_FORMAT = dwarf;
				ENABLE_STRICT_OBJC_MSGSEND = YES;
				ENABLE_TESTABILITY = YES;
				GCC_C_LANGUAGE_STANDARD = gnu11;
				GCC_DYNAMIC_NO_PIC = NO;
				GCC_NO_COMMON_BLOCKS = YES;
				GCC_OPTIMIZATION_LEVEL = 0;
				GCC_PREPROCESSOR_DEFINITIONS = (
					"DEBUG=1",
					"$(inherited)",
				);
				GCC_WARN_64_TO_32_BIT_CONVERSION = YES;
				GCC_WARN_ABOUT_RETURN_TYPE = YES_ERROR;
				GCC_WARN_UNDECLARED_SELECTOR = YES;
				GCC_WARN_UNINITIALIZED_AUTOS = YES_AGGRESSIVE;
				GCC_WARN_UNUSED_FUNCTION = YES;
				GCC_WARN_UNUSED_VARIABLE = YES;
				IPHONEOS_DEPLOYMENT_TARGET = 16.1;
				MTL_ENABLE_DEBUG_INFO = INCLUDE_SOURCE;
				MTL_FAST_MATH = YES;
				ONLY_ACTIVE_ARCH = YES;
				SDKROOT = iphoneos;
				SWIFT_ACTIVE_COMPILATION_CONDITIONS = DEBUG;
				SWIFT_OPTIMIZATION_LEVEL = "-Onone";
			};
			name = Debug;
		};
		C512C84D2AC04A8100B67195 /* Release */ = {
			isa = XCBuildConfiguration;
			buildSettings = {
				ALWAYS_SEARCH_USER_PATHS = NO;
				CLANG_ANALYZER_LOCALIZABILITY_NONLOCALIZED = YES;
				CLANG_ANALYZER_NONNULL = YES;
				CLANG_ANALYZER_NUMBER_OBJECT_CONVERSION = YES_AGGRESSIVE;
				CLANG_CXX_LANGUAGE_STANDARD = "gnu++20";
				CLANG_ENABLE_MODULES = YES;
				CLANG_ENABLE_OBJC_ARC = YES;
				CLANG_ENABLE_OBJC_WEAK = YES;
				CLANG_WARN_BLOCK_CAPTURE_AUTORELEASING = YES;
				CLANG_WARN_BOOL_CONVERSION = YES;
				CLANG_WARN_COMMA = YES;
				CLANG_WARN_CONSTANT_CONVERSION = YES;
				CLANG_WARN_DEPRECATED_OBJC_IMPLEMENTATIONS = YES;
				CLANG_WARN_DIRECT_OBJC_ISA_USAGE = YES_ERROR;
				CLANG_WARN_DOCUMENTATION_COMMENTS = YES;
				CLANG_WARN_EMPTY_BODY = YES;
				CLANG_WARN_ENUM_CONVERSION = YES;
				CLANG_WARN_INFINITE_RECURSION = YES;
				CLANG_WARN_INT_CONVERSION = YES;
				CLANG_WARN_NON_LITERAL_NULL_CONVERSION = YES;
				CLANG_WARN_OBJC_IMPLICIT_RETAIN_SELF = YES;
				CLANG_WARN_OBJC_LITERAL_CONVERSION = YES;
				CLANG_WARN_OBJC_ROOT_CLASS = YES_ERROR;
				CLANG_WARN_QUOTED_INCLUDE_IN_FRAMEWORK_HEADER = YES;
				CLANG_WARN_RANGE_LOOP_ANALYSIS = YES;
				CLANG_WARN_STRICT_PROTOTYPES = YES;
				CLANG_WARN_SUSPICIOUS_MOVE = YES;
				CLANG_WARN_UNGUARDED_AVAILABILITY = YES_AGGRESSIVE;
				CLANG_WARN_UNREACHABLE_CODE = YES;
				CLANG_WARN__DUPLICATE_METHOD_MATCH = YES;
				COPY_PHASE_STRIP = NO;
				DEBUG_INFORMATION_FORMAT = "dwarf-with-dsym";
				ENABLE_NS_ASSERTIONS = NO;
				ENABLE_STRICT_OBJC_MSGSEND = YES;
				GCC_C_LANGUAGE_STANDARD = gnu11;
				GCC_NO_COMMON_BLOCKS = YES;
				GCC_WARN_64_TO_32_BIT_CONVERSION = YES;
				GCC_WARN_ABOUT_RETURN_TYPE = YES_ERROR;
				GCC_WARN_UNDECLARED_SELECTOR = YES;
				GCC_WARN_UNINITIALIZED_AUTOS = YES_AGGRESSIVE;
				GCC_WARN_UNUSED_FUNCTION = YES;
				GCC_WARN_UNUSED_VARIABLE = YES;
				IPHONEOS_DEPLOYMENT_TARGET = 16.1;
				MTL_ENABLE_DEBUG_INFO = NO;
				MTL_FAST_MATH = YES;
				SDKROOT = iphoneos;
				SWIFT_COMPILATION_MODE = wholemodule;
				SWIFT_OPTIMIZATION_LEVEL = "-O";
				VALIDATE_PRODUCT = YES;
			};
			name = Release;
		};
		C512C84F2AC04A8100B67195 /* Debug */ = {
			isa = XCBuildConfiguration;
			baseConfigurationReference = 4B7A9BE4F9773C8436264CFD /* Pods-TrackerYandex.debug.xcconfig */;
			buildSettings = {
				ASSETCATALOG_COMPILER_APPICON_NAME = AppIcon;
				ASSETCATALOG_COMPILER_GLOBAL_ACCENT_COLOR_NAME = AccentColor;
				CODE_SIGN_STYLE = Automatic;
				CURRENT_PROJECT_VERSION = 1;
				DEVELOPMENT_TEAM = U8M8JK4Z5Q;
				GENERATE_INFOPLIST_FILE = YES;
				INFOPLIST_FILE = TrackerYandex/Application/Info.plist;
				INFOPLIST_KEY_UIApplicationSupportsIndirectInputEvents = YES;
				INFOPLIST_KEY_UILaunchStoryboardName = LaunchScreen;
				INFOPLIST_KEY_UIMainStoryboardFile = "";
				INFOPLIST_KEY_UISupportedInterfaceOrientations_iPad = "UIInterfaceOrientationPortrait UIInterfaceOrientationPortraitUpsideDown UIInterfaceOrientationLandscapeLeft UIInterfaceOrientationLandscapeRight";
				INFOPLIST_KEY_UISupportedInterfaceOrientations_iPhone = "UIInterfaceOrientationPortrait UIInterfaceOrientationLandscapeLeft UIInterfaceOrientationLandscapeRight";
				IPHONEOS_DEPLOYMENT_TARGET = 16.4;
				LD_RUNPATH_SEARCH_PATHS = (
					"$(inherited)",
					"@executable_path/Frameworks",
				);
				MARKETING_VERSION = 1.0;
				PRODUCT_BUNDLE_IDENTIFIER = SergeyVSwift.TrackerYandex;
				PRODUCT_NAME = "$(TARGET_NAME)";
				SUPPORTED_PLATFORMS = "iphoneos iphonesimulator";
				SUPPORTS_MACCATALYST = NO;
				SUPPORTS_MAC_DESIGNED_FOR_IPHONE_IPAD = NO;
				SWIFT_EMIT_LOC_STRINGS = YES;
				SWIFT_VERSION = 5.0;
				TARGETED_DEVICE_FAMILY = 1;
			};
			name = Debug;
		};
		C512C8502AC04A8100B67195 /* Release */ = {
			isa = XCBuildConfiguration;
			baseConfigurationReference = DAA064BB9E4C242D2B9C0AA4 /* Pods-TrackerYandex.release.xcconfig */;
			buildSettings = {
				ASSETCATALOG_COMPILER_APPICON_NAME = AppIcon;
				ASSETCATALOG_COMPILER_GLOBAL_ACCENT_COLOR_NAME = AccentColor;
				CODE_SIGN_STYLE = Automatic;
				CURRENT_PROJECT_VERSION = 1;
				DEVELOPMENT_TEAM = U8M8JK4Z5Q;
				GENERATE_INFOPLIST_FILE = YES;
				INFOPLIST_FILE = TrackerYandex/Application/Info.plist;
				INFOPLIST_KEY_UIApplicationSupportsIndirectInputEvents = YES;
				INFOPLIST_KEY_UILaunchStoryboardName = LaunchScreen;
				INFOPLIST_KEY_UIMainStoryboardFile = "";
				INFOPLIST_KEY_UISupportedInterfaceOrientations_iPad = "UIInterfaceOrientationPortrait UIInterfaceOrientationPortraitUpsideDown UIInterfaceOrientationLandscapeLeft UIInterfaceOrientationLandscapeRight";
				INFOPLIST_KEY_UISupportedInterfaceOrientations_iPhone = "UIInterfaceOrientationPortrait UIInterfaceOrientationLandscapeLeft UIInterfaceOrientationLandscapeRight";
				IPHONEOS_DEPLOYMENT_TARGET = 16.4;
				LD_RUNPATH_SEARCH_PATHS = (
					"$(inherited)",
					"@executable_path/Frameworks",
				);
				MARKETING_VERSION = 1.0;
				PRODUCT_BUNDLE_IDENTIFIER = SergeyVSwift.TrackerYandex;
				PRODUCT_NAME = "$(TARGET_NAME)";
				SUPPORTED_PLATFORMS = "iphoneos iphonesimulator";
				SUPPORTS_MACCATALYST = NO;
				SUPPORTS_MAC_DESIGNED_FOR_IPHONE_IPAD = NO;
				SWIFT_EMIT_LOC_STRINGS = YES;
				SWIFT_VERSION = 5.0;
				TARGETED_DEVICE_FAMILY = 1;
			};
			name = Release;
		};
		C531C0B22BEAAE6F001668A9 /* Debug */ = {
			isa = XCBuildConfiguration;
			baseConfigurationReference = CA599C6C07C194AC2ADF66E5 /* Pods-TrackerYandexTests.debug.xcconfig */;
			buildSettings = {
				ASSETCATALOG_COMPILER_GENERATE_SWIFT_ASSET_SYMBOL_EXTENSIONS = YES;
				BUNDLE_LOADER = "$(TEST_HOST)";
				CODE_SIGN_STYLE = Automatic;
				CURRENT_PROJECT_VERSION = 1;
				DEVELOPMENT_TEAM = U8M8JK4Z5Q;
				ENABLE_USER_SCRIPT_SANDBOXING = YES;
				GCC_C_LANGUAGE_STANDARD = gnu17;
				GENERATE_INFOPLIST_FILE = YES;
				IPHONEOS_DEPLOYMENT_TARGET = 17.2;
				LOCALIZATION_PREFERS_STRING_CATALOGS = YES;
				MARKETING_VERSION = 1.0;
				PRODUCT_BUNDLE_IDENTIFIER = SergeyVSwift.TrackerYandexTests;
				PRODUCT_NAME = "$(TARGET_NAME)";
				SWIFT_ACTIVE_COMPILATION_CONDITIONS = "DEBUG $(inherited)";
				SWIFT_EMIT_LOC_STRINGS = NO;
				SWIFT_VERSION = 5.0;
				TARGETED_DEVICE_FAMILY = "1,2";
				TEST_HOST = "$(BUILT_PRODUCTS_DIR)/TrackerYandex.app/$(BUNDLE_EXECUTABLE_FOLDER_PATH)/TrackerYandex";
			};
			name = Debug;
		};
		C531C0B32BEAAE6F001668A9 /* Release */ = {
			isa = XCBuildConfiguration;
			baseConfigurationReference = CF044CD3624A9B3EAB756546 /* Pods-TrackerYandexTests.release.xcconfig */;
			buildSettings = {
				ASSETCATALOG_COMPILER_GENERATE_SWIFT_ASSET_SYMBOL_EXTENSIONS = YES;
				BUNDLE_LOADER = "$(TEST_HOST)";
				CODE_SIGN_STYLE = Automatic;
				CURRENT_PROJECT_VERSION = 1;
				DEVELOPMENT_TEAM = U8M8JK4Z5Q;
				ENABLE_USER_SCRIPT_SANDBOXING = YES;
				GCC_C_LANGUAGE_STANDARD = gnu17;
				GENERATE_INFOPLIST_FILE = YES;
				IPHONEOS_DEPLOYMENT_TARGET = 17.2;
				LOCALIZATION_PREFERS_STRING_CATALOGS = YES;
				MARKETING_VERSION = 1.0;
				PRODUCT_BUNDLE_IDENTIFIER = SergeyVSwift.TrackerYandexTests;
				PRODUCT_NAME = "$(TARGET_NAME)";
				SWIFT_EMIT_LOC_STRINGS = NO;
				SWIFT_VERSION = 5.0;
				TARGETED_DEVICE_FAMILY = "1,2";
				TEST_HOST = "$(BUILT_PRODUCTS_DIR)/TrackerYandex.app/$(BUNDLE_EXECUTABLE_FOLDER_PATH)/TrackerYandex";
			};
			name = Release;
		};
/* End XCBuildConfiguration section */

/* Begin XCConfigurationList section */
		C512C8352AC04A8000B67195 /* Build configuration list for PBXProject "TrackerYandex" */ = {
			isa = XCConfigurationList;
			buildConfigurations = (
				C512C84C2AC04A8100B67195 /* Debug */,
				C512C84D2AC04A8100B67195 /* Release */,
			);
			defaultConfigurationIsVisible = 0;
			defaultConfigurationName = Release;
		};
		C512C84E2AC04A8100B67195 /* Build configuration list for PBXNativeTarget "TrackerYandex" */ = {
			isa = XCConfigurationList;
			buildConfigurations = (
				C512C84F2AC04A8100B67195 /* Debug */,
				C512C8502AC04A8100B67195 /* Release */,
			);
			defaultConfigurationIsVisible = 0;
			defaultConfigurationName = Release;
		};
		C531C0B12BEAAE6F001668A9 /* Build configuration list for PBXNativeTarget "TrackerYandexTests" */ = {
			isa = XCConfigurationList;
			buildConfigurations = (
				C531C0B22BEAAE6F001668A9 /* Debug */,
				C531C0B32BEAAE6F001668A9 /* Release */,
			);
			defaultConfigurationIsVisible = 0;
			defaultConfigurationName = Release;
		};
/* End XCConfigurationList section */

/* Begin XCRemoteSwiftPackageReference section */
		C519CCD52BE967C2000D19D1 /* XCRemoteSwiftPackageReference "swift-snapshot-testing" */ = {
			isa = XCRemoteSwiftPackageReference;
			repositoryURL = "https://github.com/pointfreeco/swift-snapshot-testing";
			requirement = {
				kind = upToNextMajorVersion;
				minimumVersion = 1.12.0;
			};
		};
/* End XCRemoteSwiftPackageReference section */

/* Begin XCSwiftPackageProductDependency section */
		C531C0BA2BEAAE9C001668A9 /* SnapshotTesting */ = {
			isa = XCSwiftPackageProductDependency;
			package = C519CCD52BE967C2000D19D1 /* XCRemoteSwiftPackageReference "swift-snapshot-testing" */;
			productName = SnapshotTesting;
		};
/* End XCSwiftPackageProductDependency section */

/* Begin XCVersionGroup section */
		C5B2950B2ACC333E0038C642 /* Tracker.xcdatamodeld */ = {
			isa = XCVersionGroup;
			children = (
				C5B2950C2ACC333E0038C642 /* CoreData.xcdatamodel */,
			);
			currentVersion = C5B2950C2ACC333E0038C642 /* CoreData.xcdatamodel */;
			path = Tracker.xcdatamodeld;
			sourceTree = "<group>";
			versionGroupType = wrapper.xcdatamodel;
		};
/* End XCVersionGroup section */
	};
	rootObject = C512C8322AC04A8000B67195 /* Project object */;
}
